
Microsoft Visual Studio Solution File, Format Version 12.00
# Visual Studio Version 17
VisualStudioVersion = 17.13.35931.197 d17.13
MinimumVisualStudioVersion = 10.0.40219.1
Project("{FAE04EC0-301F-11D3-BF4B-00C04F79EFBC}") = "Rabbit.Sample.Producer", "Rabbit.Sample.Producer\Rabbit.Sample.Producer.csproj", "{79384AA6-8A58-486B-B64E-CFFB4BDF702E}"
EndProject
Project("{FAE04EC0-301F-11D3-BF4B-00C04F79EFBC}") = "Rabbit.Sample.Consumer", "Rabbit.Sample.Consumer\Rabbit.Sample.Consumer.csproj", "{34476C1B-4368-4734-BCA0-50F424F8F707}"
EndProject
Global
	GlobalSection(SolutionConfigurationPlatforms) = preSolution
		Debug|Any CPU = Debug|Any CPU
		Release|Any CPU = Release|Any CPU
	EndGlobalSection
	GlobalSection(ProjectConfigurationPlatforms) = postSolution
		{79384AA6-8A58-486B-B64E-CFFB4BDF702E}.Debug|Any CPU.ActiveCfg = Debug|Any CPU
		{79384AA6-8A58-486B-B64E-CFFB4BDF702E}.Debug|Any CPU.Build.0 = Debug|Any CPU
		{79384AA6-8A58-486B-B64E-CFFB4BDF702E}.Release|Any CPU.ActiveCfg = Release|Any CPU
		{79384AA6-8A58-486B-B64E-CFFB4BDF702E}.Release|Any CPU.Build.0 = Release|Any CPU
		{34476C1B-4368-4734-BCA0-50F424F8F707}.Debug|Any CPU.ActiveCfg = Debug|Any CPU
		{34476C1B-4368-4734-BCA0-50F424F8F707}.Debug|Any CPU.Build.0 = Debug|Any CPU
		{34476C1B-4368-4734-BCA0-50F424F8F707}.Release|Any CPU.ActiveCfg = Release|Any CPU
		{34476C1B-4368-4734-BCA0-50F424F8F707}.Release|Any CPU.Build.0 = Release|Any CPU
	EndGlobalSection
	GlobalSection(SolutionProperties) = preSolution
		HideSolutionNode = FALSE
	EndGlobalSection
	GlobalSection(ExtensibilityGlobals) = postSolution
		SolutionGuid = {AF2879B3-E7B8-41AE-845B-D5D999A14871}
	EndGlobalSection
EndGlobal
